{
  "object": {
    "pins": [
      {
        "package": "JavaScriptKit",
        "repositoryURL": "https://github.com/swiftwasm/JavaScriptKit.git",
        "state": {
          "branch": null,
          "revision": "2011cc0422eb820c36d7cc275e0992ec5ca9ab34",
          "version": "0.13.0"
        }
      },
      {
        "package": "OpenCombine",
        "repositoryURL": "https://github.com/OpenCombine/OpenCombine.git",
        "state": {
          "branch": null,
          "revision": "9cf67e363738dbab61b47fb5eaed78d3db31e5ee",
          "version": "0.13.0"
        }
      }
    ]
  },
  "version": 1
}
