{
  "object": {
    "pins": [
      {
        "package": "JavaScriptKit",
        "repositoryURL": "https://github.com/swiftwasm/JavaScriptKit.git",
        "state": {
          "branch": "main",
          "revision": "b9984f83e3c994ccfcda657dc9cd221fc79503a9",
          "version": null
        }
      },
      {
        "package": "OpenCombine",
        "repositoryURL": "https://github.com/TokamakUI/OpenCombine.git",
        "state": {
          "branch": null,
          "revision": "eea5e707b571da14fce588000046b8ec4c62018b",
          "version": "0.12.0-alpha3"
        }
      }
    ]
  },
  "version": 1
}
